PODS:
  - FBAEMKit (17.0.3):
    - FBSDKCoreKit_Basics (= 17.0.3)
  - FBSDKCoreKit (17.0.3):
    - FBAEMKit (= 17.0.3)
    - FBSDKCoreKit_Basics (= 17.0.3)
  - FBSDKCoreKit_Basics (17.0.3)
  - FBSDKLoginKit (17.0.3):
    - FBSDKCoreKit (= 17.0.3)
  - Flutter (1.0.0)
  - flutter_facebook_auth (6.2.0):
    - FBSDKLoginKit (~> 17.0.0)
    - Flutter
  - flutter_secure_storage (6.0.0):
    - Flutter
  - Google-Maps-iOS-Utils (6.0.0):
    - GoogleMaps (~> 9.0)
  - google_maps_flutter_ios (0.0.1):
    - Flutter
    - Google-Maps-iOS-Utils (< 7.0, >= 5.0)
    - GoogleMaps (< 10.0, >= 8.4)
  - GoogleMaps (9.1.1):
    - GoogleMaps/Maps (= 9.1.1)
  - GoogleMaps/Base (9.1.1)
  - GoogleMaps/Maps (9.1.1):
    - GoogleMaps/Base
  - MTBBarcodeScanner (5.0.11)
  - path_provider_foundation (0.0.1):
    - Flutter
    - FlutterMacOS
  - qr_code_scanner (0.2.0):
    - Flutter
    - MTBBarcodeScanner
  - shared_preferences_foundation (0.0.1):
    - Flutter
    - FlutterMacOS
  - Stripe (23.3.4):
    - StripeApplePay (= 23.3.4)
    - StripeCore (= 23.3.4)
    - StripePayments (= 23.3.4)
    - StripePaymentsUI (= 23.3.4)
    - StripeUICore (= 23.3.4)
  - stripe_ios (0.0.1):
    - Flutter
    - Stripe (~> 23.3.0)
    - StripeApplePay (~> 23.3.0)
    - StripeFinancialConnections (~> 23.3.0)
    - StripePayments (~> 23.3.0)
    - StripePaymentSheet (~> 23.3.0)
    - StripePaymentsUI (~> 23.3.0)
  - StripeApplePay (23.3.4):
    - StripeCore (= 23.3.4)
  - StripeCore (23.3.4)
  - StripeFinancialConnections (23.3.4):
    - StripeCore (= 23.3.4)
    - StripeUICore (= 23.3.4)
  - StripePayments (23.3.4):
    - StripeCore (= 23.3.4)
    - StripePayments/Stripe3DS2 (= 23.3.4)
  - StripePayments/Stripe3DS2 (23.3.4):
    - StripeCore (= 23.3.4)
  - StripePaymentSheet (23.3.4):
    - StripeApplePay (= 23.3.4)
    - StripeCore (= 23.3.4)
    - StripePayments (= 23.3.4)
    - StripePaymentsUI (= 23.3.4)
  - StripePaymentsUI (23.3.4):
    - StripeCore (= 23.3.4)
    - StripePayments (= 23.3.4)
    - StripeUICore (= 23.3.4)
  - StripeUICore (23.3.4):
    - StripeCore (= 23.3.4)
  - url_launcher_ios (0.0.1):
    - Flutter

DEPENDENCIES:
  - Flutter (from `Flutter`)
  - flutter_facebook_auth (from `.symlinks/plugins/flutter_facebook_auth/ios`)
  - flutter_secure_storage (from `.symlinks/plugins/flutter_secure_storage/ios`)
  - google_maps_flutter_ios (from `.symlinks/plugins/google_maps_flutter_ios/ios`)
  - path_provider_foundation (from `.symlinks/plugins/path_provider_foundation/darwin`)
  - qr_code_scanner (from `.symlinks/plugins/qr_code_scanner/ios`)
  - shared_preferences_foundation (from `.symlinks/plugins/shared_preferences_foundation/darwin`)
  - stripe_ios (from `.symlinks/plugins/stripe_ios/ios`)
  - url_launcher_ios (from `.symlinks/plugins/url_launcher_ios/ios`)

SPEC REPOS:
  trunk:
    - FBAEMKit
    - FBSDKCoreKit
    - FBSDKCoreKit_Basics
    - FBSDKLoginKit
    - Google-Maps-iOS-Utils
    - GoogleMaps
    - MTBBarcodeScanner
    - Stripe
    - StripeApplePay
    - StripeCore
    - StripeFinancialConnections
    - StripePayments
    - StripePaymentSheet
    - StripePaymentsUI
    - StripeUICore

EXTERNAL SOURCES:
  Flutter:
    :path: Flutter
  flutter_facebook_auth:
    :path: ".symlinks/plugins/flutter_facebook_auth/ios"
  flutter_secure_storage:
    :path: ".symlinks/plugins/flutter_secure_storage/ios"
  google_maps_flutter_ios:
    :path: ".symlinks/plugins/google_maps_flutter_ios/ios"
  path_provider_foundation:
    :path: ".symlinks/plugins/path_provider_foundation/darwin"
  qr_code_scanner:
    :path: ".symlinks/plugins/qr_code_scanner/ios"
  shared_preferences_foundation:
    :path: ".symlinks/plugins/shared_preferences_foundation/darwin"
  stripe_ios:
    :path: ".symlinks/plugins/stripe_ios/ios"
  url_launcher_ios:
    :path: ".symlinks/plugins/url_launcher_ios/ios"

SPEC CHECKSUMS:
  FBAEMKit: 9900b2edd99a2d21629a6277e6166f14c6215799
  FBSDKCoreKit: 0791f8f68a8630931a4c12aa23a56cc021551596
  FBSDKCoreKit_Basics: 46d6b472c0dd0a5a7e972c025033d1c567f54eb4
  FBSDKLoginKit: b4a4eba1d62eb452544411824f41689adabd5bd2
  Flutter: e0871f40cf51350855a761d2e70bf5af5b9b5de7
  flutter_facebook_auth: 66188df7905bfcaf3d6d2bd6527302c56448f04d
  flutter_secure_storage: d33dac7ae2ea08509be337e775f6b59f1ff45f12
  Google-Maps-iOS-Utils: cfe6a0239c7ca634b7e001ad059a6707143dc8dc
  google_maps_flutter_ios: e31555a04d1986ab130f2b9f24b6cdc861acc6d3
  GoogleMaps: 80ea184ed6bf44139f383a8b0e248ba3ec1cc8c9
  MTBBarcodeScanner: f453b33c4b7dfe545d8c6484ed744d55671788cb
  path_provider_foundation: 2b6b4c569c0fb62ec74538f866245ac84301af46
  qr_code_scanner: bb67d64904c3b9658ada8c402e8b4d406d5d796e
  shared_preferences_foundation: fcdcbc04712aee1108ac7fda236f363274528f78
  Stripe: 7393b16fe555d4a68e6555044e7b57eff11ae547
  stripe_ios: f93762c5b513f456e82ac57cf7cab2aacc6ec7f7
  StripeApplePay: 174b09c0211134417e340c68af199a3dd34f3cd6
  StripeCore: babb08ec2b961f7cde8663dad3b4cbb77e0ae63b
  StripeFinancialConnections: 484096f2dc5d3c20cc24a5ad4d261953ba806ef0
  StripePayments: 71bf62ccdacefc4b68b46a02a7f2492aeba252b3
  StripePaymentSheet: 722ea7bea092c243d771122fe3572a9c84512704
  StripePaymentsUI: fd08081c4be73c16322dc76a1878140520a9df2e
  StripeUICore: ed68cbd5ad0626e0760e772f8c82d96cae9b829b
  url_launcher_ios: 5334b05cef931de560670eeae103fd3e431ac3fe

PODFILE CHECKSUM: 88001a6f63fedf7dfbfdf4ee0c335d29da93cbc0

COCOAPODS: 1.16.2
